
Microsoft Visual Studio Solution File, Format Version 12.00
# Visual Studio Version 17
VisualStudioVersion = 17.12.35506.116
MinimumVisualStudioVersion = 10.0.40219.1
Project("{FAE04EC0-301F-11D3-BF4B-00C04F79EFBC}") = "ListoAPI.API", "ListoAPI.API.csproj", "{665F7D03-94BB-44A8-A17E-293D7FF0E5AB}"
EndProject
Project("{FAE04EC0-301F-11D3-BF4B-00C04F79EFBC}") = "ListoAPI.DTO", "..\ListoAPI.DTO\ListoAPI.DTO.csproj", "{DB196FC9-6216-443D-8684-128577B69F4E}"
EndProject
Project("{FAE04EC0-301F-11D3-BF4B-00C04F79EFBC}") = "ListoAPI.Aplication", "..\ListoAPI.Aplication\ListoAPI.Aplication.csproj", "{16DCD3A6-DD9B-4259-B810-0957BF7B0990}"
	ProjectSection(ProjectDependencies) = postProject
		{DB196FC9-6216-443D-8684-128577B69F4E} = {DB196FC9-6216-443D-8684-128577B69F4E}
	EndProjectSection
EndProject
Global
	GlobalSection(SolutionConfigurationPlatforms) = preSolution
		Debug|Any CPU = Debug|Any CPU
		Release|Any CPU = Release|Any CPU
	EndGlobalSection
	GlobalSection(ProjectConfigurationPlatforms) = postSolution
		{665F7D03-94BB-44A8-A17E-293D7FF0E5AB}.Debug|Any CPU.ActiveCfg = Debug|Any CPU
		{665F7D03-94BB-44A8-A17E-293D7FF0E5AB}.Debug|Any CPU.Build.0 = Debug|Any CPU
		{665F7D03-94BB-44A8-A17E-293D7FF0E5AB}.Release|Any CPU.ActiveCfg = Release|Any CPU
		{665F7D03-94BB-44A8-A17E-293D7FF0E5AB}.Release|Any CPU.Build.0 = Release|Any CPU
		{DB196FC9-6216-443D-8684-128577B69F4E}.Debug|Any CPU.ActiveCfg = Debug|Any CPU
		{DB196FC9-6216-443D-8684-128577B69F4E}.Debug|Any CPU.Build.0 = Debug|Any CPU
		{DB196FC9-6216-443D-8684-128577B69F4E}.Release|Any CPU.ActiveCfg = Release|Any CPU
		{DB196FC9-6216-443D-8684-128577B69F4E}.Release|Any CPU.Build.0 = Release|Any CPU
		{16DCD3A6-DD9B-4259-B810-0957BF7B0990}.Debug|Any CPU.ActiveCfg = Debug|Any CPU
		{16DCD3A6-DD9B-4259-B810-0957BF7B0990}.Debug|Any CPU.Build.0 = Debug|Any CPU
		{16DCD3A6-DD9B-4259-B810-0957BF7B0990}.Release|Any CPU.ActiveCfg = Release|Any CPU
		{16DCD3A6-DD9B-4259-B810-0957BF7B0990}.Release|Any CPU.Build.0 = Release|Any CPU
	EndGlobalSection
	GlobalSection(SolutionProperties) = preSolution
		HideSolutionNode = FALSE
	EndGlobalSection
EndGlobal
